PODS:
  - Kingfisher (5.15.7):
    - Kingfisher/Core (= 5.15.7)
  - Kingfisher/Core (5.15.7)
  - KingfisherWebP (1.0.0):
    - Kingfisher (~> 5.8)
    - libwebp (>= 0.5.0)
  - libwebp (1.1.0):
    - libwebp/demux (= 1.1.0)
    - libwebp/mux (= 1.1.0)
    - libwebp/webp (= 1.1.0)
  - libwebp/demux (1.1.0):
    - libwebp/webp
  - libwebp/mux (1.1.0):
    - libwebp/demux
  - libwebp/webp (1.1.0)
  - MaterialComponents/AnimationTiming (119.1.1)
  - MaterialComponents/Availability (119.1.1)
  - MaterialComponents/Buttons (119.1.1):
    - MaterialComponents/Elevation
    - MaterialComponents/Ink
    - MaterialComponents/private/Math
    - MaterialComponents/Ripple
    - MaterialComponents/ShadowElevations
    - MaterialComponents/ShadowLayer
    - MaterialComponents/ShapeLibrary
    - MaterialComponents/Shapes
    - MaterialComponents/Typography
    - MDFInternationalization
    - MDFTextAccessibility
  - MaterialComponents/Elevation (119.1.1):
    - MaterialComponents/Availability
    - MaterialComponents/private/Color
    - MaterialComponents/private/Math
  - MaterialComponents/Ink (119.1.1):
    - MaterialComponents/Availability
    - MaterialComponents/private/Color
    - MaterialComponents/private/Math
  - MaterialComponents/OverlayWindow (119.1.1):
    - MaterialComponents/Availability
    - MaterialComponents/private/Application
  - MaterialComponents/private/Application (119.1.1)
  - MaterialComponents/private/Color (119.1.1):
    - MaterialComponents/Availability
  - MaterialComponents/private/KeyboardWatcher (119.1.1):
    - MaterialComponents/private/Application
  - MaterialComponents/private/Math (119.1.1)
  - MaterialComponents/private/Overlay (119.1.1)
  - MaterialComponents/Ripple (119.1.1):
    - MaterialComponents/AnimationTiming
    - MaterialComponents/Availability
    - MaterialComponents/private/Color
    - MaterialComponents/private/Math
  - MaterialComponents/ShadowElevations (119.1.1)
  - MaterialComponents/ShadowLayer (119.1.1):
    - MaterialComponents/ShadowElevations
  - MaterialComponents/ShapeLibrary (119.1.1):
    - MaterialComponents/private/Math
    - MaterialComponents/Shapes
  - MaterialComponents/Shapes (119.1.1):
    - MaterialComponents/private/Color
    - MaterialComponents/private/Math
    - MaterialComponents/ShadowLayer
  - MaterialComponents/Snackbar (119.1.1):
    - MaterialComponents/AnimationTiming
    - MaterialComponents/Availability
    - MaterialComponents/Buttons
    - MaterialComponents/Elevation
    - MaterialComponents/OverlayWindow
    - MaterialComponents/private/Application
    - MaterialComponents/private/KeyboardWatcher
    - MaterialComponents/private/Math
    - MaterialComponents/private/Overlay
    - MaterialComponents/ShadowElevations
    - MaterialComponents/ShadowLayer
    - MaterialComponents/Typography
  - MaterialComponents/Typography (119.1.1):
    - MaterialComponents/private/Application
    - MaterialComponents/private/Math
    - MDFTextAccessibility
  - MDFInternationalization (2.0.0)
  - MDFTextAccessibility (2.0.0)
  - YDExtensions (1.0.21):
    - Kingfisher (~> 5.0)
    - KingfisherWebP (= 1.0.0)

DEPENDENCIES:
  - MaterialComponents/Snackbar
  - YDExtensions

SPEC REPOS:
  "git@github.com-yourdev:Hennrich-Your-Dev/YourDev-Pods.git":
    - YDExtensions
  https://github.com/CocoaPods/Specs.git:
    - Kingfisher
    - KingfisherWebP
    - libwebp
    - MaterialComponents
    - MDFInternationalization
    - MDFTextAccessibility

SPEC CHECKSUMS:
  Kingfisher: 6e1a13523fcb1c86924ce53affe4ac957e544d59
  KingfisherWebP: b1ed1dbc5e52547c5bf5f583dd5c46346f97320f
  libwebp: 946cb3063cea9236285f7e9a8505d806d30e07f3
  MaterialComponents: 75e8c6bcf6223ce5b53ffeabc55feae95ce90c05
  MDFInternationalization: 010097556d6b09d2c4ea38e0820ea6d37be6a314
  MDFTextAccessibility: 85c09a1bd9c321f494348e632a25063bcda35a53
  YDExtensions: d13e6aaaa47a088f3d1e8292bb9392174710f6eb

PODFILE CHECKSUM: c29483c82a433f6b780aa40927d03cec6a889748

COCOAPODS: 1.10.0
