PODS:
  - YDExtensions (1.0.2)

DEPENDENCIES:
  - YDExtensions

SPEC REPOS:
  "git@github.com-yourdev:Hennrich-Your-Dev/YourDev-Pods.git":
    - YDExtensions

SPEC CHECKSUMS:
  YDExtensions: f35a7850de47b369b4d8aa6d9eec028a9ab13b51

PODFILE CHECKSUM: b2bd01b2f291978df6275143a902bc44d9609649

COCOAPODS: 1.10.0
