// !$*UTF8*$!
{
	archiveVersion = 1;
	classes = {
	};
	objectVersion = 50;
	objects = {

/* Begin PBXBuildFile section */
		69C13FE1158B77A587209B52 /* Pods_YDB2WComponents.framework in Frameworks */ = {isa = PBXBuildFile; fileRef = 47EC3EDA5DFCF68EC9C363E4 /* Pods_YDB2WComponents.framework */; };
		C10399262541C0C900FF6CAD /* YDB2WComponents.h in Headers */ = {isa = PBXBuildFile; fileRef = C10399242541C0C900FF6CAD /* YDB2WComponents.h */; settings = {ATTRIBUTES = (Public, ); }; };
		C11248E725FFDBD700CE8D8A /* YDSegmentedControl.swift in Sources */ = {isa = PBXBuildFile; fileRef = C11248E625FFDBD700CE8D8A /* YDSegmentedControl.swift */; };
		C11757932671A393008A67BB /* YDCountDownView.swift in Sources */ = {isa = PBXBuildFile; fileRef = C11757922671A393008A67BB /* YDCountDownView.swift */; };
		C11757962671A87A008A67BB /* YDCountDownComponentView.swift in Sources */ = {isa = PBXBuildFile; fileRef = C11757952671A87A008A67BB /* YDCountDownComponentView.swift */; };
		C117579826725433008A67BB /* YDCountDownViewCell.swift in Sources */ = {isa = PBXBuildFile; fileRef = C117579726725433008A67BB /* YDCountDownViewCell.swift */; };
		C117579D2672BFA4008A67BB /* YDWireButtonViewCell.swift in Sources */ = {isa = PBXBuildFile; fileRef = C117579C2672BFA4008A67BB /* YDWireButtonViewCell.swift */; };
		C11A378E255384CD00D85F29 /* YDLoginDialogViewController.storyboard in Resources */ = {isa = PBXBuildFile; fileRef = C11A378D255384CD00D85F29 /* YDLoginDialogViewController.storyboard */; };
		C11A3792255384F800D85F29 /* YDLoginDialogViewController.swift in Sources */ = {isa = PBXBuildFile; fileRef = C11A3791255384F800D85F29 /* YDLoginDialogViewController.swift */; };
		C11A3797255385F600D85F29 /* YDLoginDialogCoordinator.swift in Sources */ = {isa = PBXBuildFile; fileRef = C11A3796255385F600D85F29 /* YDLoginDialogCoordinator.swift */; };
		C12418CE258796BE006227D6 /* YDErrorView.xib in Resources */ = {isa = PBXBuildFile; fileRef = C12418CD258796BE006227D6 /* YDErrorView.xib */; };
		C12418D325879724006227D6 /* YDErrorView.swift in Sources */ = {isa = PBXBuildFile; fileRef = C12418D225879724006227D6 /* YDErrorView.swift */; };
		C12418D725879755006227D6 /* YDErrorViewDelegate.swift in Sources */ = {isa = PBXBuildFile; fileRef = C12418D625879755006227D6 /* YDErrorViewDelegate.swift */; };
		C134F7BF2672E7B200BF9858 /* YDSpaceyCardView.swift in Sources */ = {isa = PBXBuildFile; fileRef = C134F7BE2672E7B200BF9858 /* YDSpaceyCardView.swift */; };
		C134F7C22672FB3D00BF9858 /* YDSpaceyInnerCardView.swift in Sources */ = {isa = PBXBuildFile; fileRef = C134F7C12672FB3D00BF9858 /* YDSpaceyInnerCardView.swift */; };
		C134F7C7267392FC00BF9858 /* YDSpaceyCardViewCell.swift in Sources */ = {isa = PBXBuildFile; fileRef = C134F7C6267392FC00BF9858 /* YDSpaceyCardViewCell.swift */; };
		C158CD622616252500A9A370 /* PopOverMessage.swift in Sources */ = {isa = PBXBuildFile; fileRef = C158CD612616252500A9A370 /* PopOverMessage.swift */; };
		C183B7C325541E9F00A0EAAA /* YDLoginDialogViewModel.swift in Sources */ = {isa = PBXBuildFile; fileRef = C183B7C225541E9F00A0EAAA /* YDLoginDialogViewModel.swift */; };
		C183CE5025B07B2E00B4F675 /* YDSnackBarView.swift in Sources */ = {isa = PBXBuildFile; fileRef = C183CE4F25B07B2E00B4F675 /* YDSnackBarView.swift */; };
		C183CE6425B0877700B4F675 /* YDUserProfileView.xib in Resources */ = {isa = PBXBuildFile; fileRef = C183CE6325B0877700B4F675 /* YDUserProfileView.xib */; };
		C183CE6825B087E200B4F675 /* YDUserProfileView.swift in Sources */ = {isa = PBXBuildFile; fileRef = C183CE6725B087E200B4F675 /* YDUserProfileView.swift */; };
		C183E2B8256DA46B005427B1 /* YDWireButton.swift in Sources */ = {isa = PBXBuildFile; fileRef = C183E2B7256DA46B005427B1 /* YDWireButton.swift */; };
		C18E4A18260CC6B2008A0ABD /* YDStoreNameAddressView.swift in Sources */ = {isa = PBXBuildFile; fileRef = C18E4A17260CC6B2008A0ABD /* YDStoreNameAddressView.swift */; };
		C1AB4ECD260D3AAE00A8B889 /* StoreAndProductView.swift in Sources */ = {isa = PBXBuildFile; fileRef = C1AB4ECC260D3AAE00A8B889 /* StoreAndProductView.swift */; };
		C1AB4EDF260D5EA000A8B889 /* YDProductCardView.swift in Sources */ = {isa = PBXBuildFile; fileRef = C1AB4EDE260D5EA000A8B889 /* YDProductCardView.swift */; };
		C1AB4F2A260D854800A8B889 /* StoreAndProductView+Layout.swift in Sources */ = {isa = PBXBuildFile; fileRef = C1AB4F29260D854800A8B889 /* StoreAndProductView+Layout.swift */; };
		C1AB4F2F260D871100A8B889 /* StoreAndProductView+SegmentedControl.swift in Sources */ = {isa = PBXBuildFile; fileRef = C1AB4F2E260D871100A8B889 /* StoreAndProductView+SegmentedControl.swift */; };
		C1AB4F33260D8D7100A8B889 /* StoreAndProductView+TableView.swift in Sources */ = {isa = PBXBuildFile; fileRef = C1AB4F32260D8D7100A8B889 /* StoreAndProductView+TableView.swift */; };
		C1AB4F37260D930500A8B889 /* StoreAndProductTableViewCell.swift in Sources */ = {isa = PBXBuildFile; fileRef = C1AB4F36260D930500A8B889 /* StoreAndProductTableViewCell.swift */; };
		C1AB4F3B260DA2AE00A8B889 /* StoreAndProductView+ScrollView.swift in Sources */ = {isa = PBXBuildFile; fileRef = C1AB4F3A260DA2AE00A8B889 /* StoreAndProductView+ScrollView.swift */; };
		C1B93A64261F415B00E0F4A5 /* YDProductCardView+UIState.swift in Sources */ = {isa = PBXBuildFile; fileRef = C1B93A63261F415B00E0F4A5 /* YDProductCardView+UIState.swift */; };
		C1B93A68261F42E700E0F4A5 /* YDProductCardView+Layouts.swift in Sources */ = {isa = PBXBuildFile; fileRef = C1B93A67261F42E700E0F4A5 /* YDProductCardView+Layouts.swift */; };
		C1C3894B264DF6C4002A12C0 /* YDReplyMessageComponent.swift in Sources */ = {isa = PBXBuildFile; fileRef = C1C3894A264DF6C4002A12C0 /* YDReplyMessageComponent.swift */; };
		C1C3894D264DF6D7002A12C0 /* YDReplyMessageComponent+Layouts.swift in Sources */ = {isa = PBXBuildFile; fileRef = C1C3894C264DF6D7002A12C0 /* YDReplyMessageComponent+Layouts.swift */; };
		C1CD8EFA25C460B700B83C8C /* YDShimmerView.swift in Sources */ = {isa = PBXBuildFile; fileRef = C1CD8EF925C460B700B83C8C /* YDShimmerView.swift */; };
		C1E7BF9A2564162B008F747A /* YDAnimationBlock.swift in Sources */ = {isa = PBXBuildFile; fileRef = C1E7BF992564162B008F747A /* YDAnimationBlock.swift */; };
		C1E7C115256474CA008F747A /* YDDialogCoordinator.swift in Sources */ = {isa = PBXBuildFile; fileRef = C1E7C114256474CA008F747A /* YDDialogCoordinator.swift */; };
		C1E7C11A256476B8008F747A /* YDDialogViewModel.swift in Sources */ = {isa = PBXBuildFile; fileRef = C1E7C119256476B8008F747A /* YDDialogViewModel.swift */; };
		C1E7C11F2564786F008F747A /* YDDialogViewController.swift in Sources */ = {isa = PBXBuildFile; fileRef = C1E7C11E2564786F008F747A /* YDDialogViewController.swift */; };
		C1E7C123256478DC008F747A /* YDDialogViewController.storyboard in Resources */ = {isa = PBXBuildFile; fileRef = C1E7C122256478DC008F747A /* YDDialogViewController.storyboard */; };
		C1F3F8FD2565A77D000B56F7 /* YDTextView.swift in Sources */ = {isa = PBXBuildFile; fileRef = C1F3F8FC2565A77D000B56F7 /* YDTextView.swift */; };
		C1FA682B261E4E130063C21E /* YDStoreAndProductView+UIState.swift in Sources */ = {isa = PBXBuildFile; fileRef = C1FA682A261E4E130063C21E /* YDStoreAndProductView+UIState.swift */; };
		C1FA6840261E55940063C21E /* YDStoreNameAddressView+Layouts.swift in Sources */ = {isa = PBXBuildFile; fileRef = C1FA683F261E55940063C21E /* YDStoreNameAddressView+Layouts.swift */; };
		C1FA6843261E56550063C21E /* YDStoreNameAddressView+UIState.swift in Sources */ = {isa = PBXBuildFile; fileRef = C1FA6842261E56550063C21E /* YDStoreNameAddressView+UIState.swift */; };
		C1FC70F32541D4010036AFD7 /* YDMessageField.xib in Resources */ = {isa = PBXBuildFile; fileRef = C1FC70F22541D4010036AFD7 /* YDMessageField.xib */; };
		C1FC70F72541D4330036AFD7 /* YDMessageField.swift in Sources */ = {isa = PBXBuildFile; fileRef = C1FC70F62541D4330036AFD7 /* YDMessageField.swift */; };
		C1FC70FD2541EC080036AFD7 /* YDMessageFieldDelegate.swift in Sources */ = {isa = PBXBuildFile; fileRef = C1FC70FC2541EC080036AFD7 /* YDMessageFieldDelegate.swift */; };
		C1FEFDED25666B0800264C3B /* YDTextView.xib in Resources */ = {isa = PBXBuildFile; fileRef = C1FEFDEC25666B0800264C3B /* YDTextView.xib */; };
/* End PBXBuildFile section */

/* Begin PBXFileReference section */
		47EC3EDA5DFCF68EC9C363E4 /* Pods_YDB2WComponents.framework */ = {isa = PBXFileReference; explicitFileType = wrapper.framework; includeInIndex = 0; path = Pods_YDB2WComponents.framework; sourceTree = BUILT_PRODUCTS_DIR; };
		676E20DFF4F709083448F074 /* Pods-YDB2WComponents.debug.xcconfig */ = {isa = PBXFileReference; includeInIndex = 1; lastKnownFileType = text.xcconfig; name = "Pods-YDB2WComponents.debug.xcconfig"; path = "Target Support Files/Pods-YDB2WComponents/Pods-YDB2WComponents.debug.xcconfig"; sourceTree = "<group>"; };
		C10399212541C0C900FF6CAD /* YDB2WComponents.framework */ = {isa = PBXFileReference; explicitFileType = wrapper.framework; includeInIndex = 0; path = YDB2WComponents.framework; sourceTree = BUILT_PRODUCTS_DIR; };
		C10399242541C0C900FF6CAD /* YDB2WComponents.h */ = {isa = PBXFileReference; lastKnownFileType = sourcecode.c.h; path = YDB2WComponents.h; sourceTree = "<group>"; };
		C10399252541C0C900FF6CAD /* Info.plist */ = {isa = PBXFileReference; lastKnownFileType = text.plist.xml; path = Info.plist; sourceTree = "<group>"; };
		C11248E625FFDBD700CE8D8A /* YDSegmentedControl.swift */ = {isa = PBXFileReference; lastKnownFileType = sourcecode.swift; path = YDSegmentedControl.swift; sourceTree = "<group>"; };
		C11757922671A393008A67BB /* YDCountDownView.swift */ = {isa = PBXFileReference; lastKnownFileType = sourcecode.swift; path = YDCountDownView.swift; sourceTree = "<group>"; };
		C11757952671A87A008A67BB /* YDCountDownComponentView.swift */ = {isa = PBXFileReference; lastKnownFileType = sourcecode.swift; path = YDCountDownComponentView.swift; sourceTree = "<group>"; };
		C117579726725433008A67BB /* YDCountDownViewCell.swift */ = {isa = PBXFileReference; lastKnownFileType = sourcecode.swift; path = YDCountDownViewCell.swift; sourceTree = "<group>"; };
		C117579C2672BFA4008A67BB /* YDWireButtonViewCell.swift */ = {isa = PBXFileReference; lastKnownFileType = sourcecode.swift; path = YDWireButtonViewCell.swift; sourceTree = "<group>"; };
		C11A378D255384CD00D85F29 /* YDLoginDialogViewController.storyboard */ = {isa = PBXFileReference; lastKnownFileType = file.storyboard; path = YDLoginDialogViewController.storyboard; sourceTree = "<group>"; };
		C11A3791255384F800D85F29 /* YDLoginDialogViewController.swift */ = {isa = PBXFileReference; lastKnownFileType = sourcecode.swift; path = YDLoginDialogViewController.swift; sourceTree = "<group>"; };
		C11A3796255385F600D85F29 /* YDLoginDialogCoordinator.swift */ = {isa = PBXFileReference; lastKnownFileType = sourcecode.swift; path = YDLoginDialogCoordinator.swift; sourceTree = "<group>"; };
		C12418CD258796BE006227D6 /* YDErrorView.xib */ = {isa = PBXFileReference; lastKnownFileType = file.xib; path = YDErrorView.xib; sourceTree = "<group>"; };
		C12418D225879724006227D6 /* YDErrorView.swift */ = {isa = PBXFileReference; lastKnownFileType = sourcecode.swift; path = YDErrorView.swift; sourceTree = "<group>"; };
		C12418D625879755006227D6 /* YDErrorViewDelegate.swift */ = {isa = PBXFileReference; lastKnownFileType = sourcecode.swift; path = YDErrorViewDelegate.swift; sourceTree = "<group>"; };
		C134F7BE2672E7B200BF9858 /* YDSpaceyCardView.swift */ = {isa = PBXFileReference; lastKnownFileType = sourcecode.swift; path = YDSpaceyCardView.swift; sourceTree = "<group>"; };
		C134F7C12672FB3D00BF9858 /* YDSpaceyInnerCardView.swift */ = {isa = PBXFileReference; lastKnownFileType = sourcecode.swift; path = YDSpaceyInnerCardView.swift; sourceTree = "<group>"; };
		C134F7C6267392FC00BF9858 /* YDSpaceyCardViewCell.swift */ = {isa = PBXFileReference; lastKnownFileType = sourcecode.swift; path = YDSpaceyCardViewCell.swift; sourceTree = "<group>"; };
		C158CD612616252500A9A370 /* PopOverMessage.swift */ = {isa = PBXFileReference; lastKnownFileType = sourcecode.swift; path = PopOverMessage.swift; sourceTree = "<group>"; };
		C183B7C225541E9F00A0EAAA /* YDLoginDialogViewModel.swift */ = {isa = PBXFileReference; lastKnownFileType = sourcecode.swift; path = YDLoginDialogViewModel.swift; sourceTree = "<group>"; };
		C183CE4F25B07B2E00B4F675 /* YDSnackBarView.swift */ = {isa = PBXFileReference; lastKnownFileType = sourcecode.swift; path = YDSnackBarView.swift; sourceTree = "<group>"; };
		C183CE6325B0877700B4F675 /* YDUserProfileView.xib */ = {isa = PBXFileReference; lastKnownFileType = file.xib; path = YDUserProfileView.xib; sourceTree = "<group>"; };
		C183CE6725B087E200B4F675 /* YDUserProfileView.swift */ = {isa = PBXFileReference; lastKnownFileType = sourcecode.swift; path = YDUserProfileView.swift; sourceTree = "<group>"; };
		C183E2B7256DA46B005427B1 /* YDWireButton.swift */ = {isa = PBXFileReference; lastKnownFileType = sourcecode.swift; path = YDWireButton.swift; sourceTree = "<group>"; };
		C18E4A17260CC6B2008A0ABD /* YDStoreNameAddressView.swift */ = {isa = PBXFileReference; lastKnownFileType = sourcecode.swift; path = YDStoreNameAddressView.swift; sourceTree = "<group>"; };
		C1AB4ECC260D3AAE00A8B889 /* StoreAndProductView.swift */ = {isa = PBXFileReference; lastKnownFileType = sourcecode.swift; path = StoreAndProductView.swift; sourceTree = "<group>"; };
		C1AB4EDE260D5EA000A8B889 /* YDProductCardView.swift */ = {isa = PBXFileReference; lastKnownFileType = sourcecode.swift; path = YDProductCardView.swift; sourceTree = "<group>"; };
		C1AB4F29260D854800A8B889 /* StoreAndProductView+Layout.swift */ = {isa = PBXFileReference; lastKnownFileType = sourcecode.swift; path = "StoreAndProductView+Layout.swift"; sourceTree = "<group>"; };
		C1AB4F2E260D871100A8B889 /* StoreAndProductView+SegmentedControl.swift */ = {isa = PBXFileReference; lastKnownFileType = sourcecode.swift; path = "StoreAndProductView+SegmentedControl.swift"; sourceTree = "<group>"; };
		C1AB4F32260D8D7100A8B889 /* StoreAndProductView+TableView.swift */ = {isa = PBXFileReference; lastKnownFileType = sourcecode.swift; path = "StoreAndProductView+TableView.swift"; sourceTree = "<group>"; };
		C1AB4F36260D930500A8B889 /* StoreAndProductTableViewCell.swift */ = {isa = PBXFileReference; lastKnownFileType = sourcecode.swift; path = StoreAndProductTableViewCell.swift; sourceTree = "<group>"; };
		C1AB4F3A260DA2AE00A8B889 /* StoreAndProductView+ScrollView.swift */ = {isa = PBXFileReference; lastKnownFileType = sourcecode.swift; path = "StoreAndProductView+ScrollView.swift"; sourceTree = "<group>"; };
		C1B93A63261F415B00E0F4A5 /* YDProductCardView+UIState.swift */ = {isa = PBXFileReference; lastKnownFileType = sourcecode.swift; path = "YDProductCardView+UIState.swift"; sourceTree = "<group>"; };
		C1B93A67261F42E700E0F4A5 /* YDProductCardView+Layouts.swift */ = {isa = PBXFileReference; lastKnownFileType = sourcecode.swift; path = "YDProductCardView+Layouts.swift"; sourceTree = "<group>"; };
		C1C3894A264DF6C4002A12C0 /* YDReplyMessageComponent.swift */ = {isa = PBXFileReference; lastKnownFileType = sourcecode.swift; path = YDReplyMessageComponent.swift; sourceTree = "<group>"; };
		C1C3894C264DF6D7002A12C0 /* YDReplyMessageComponent+Layouts.swift */ = {isa = PBXFileReference; lastKnownFileType = sourcecode.swift; path = "YDReplyMessageComponent+Layouts.swift"; sourceTree = "<group>"; };
		C1CD8EF925C460B700B83C8C /* YDShimmerView.swift */ = {isa = PBXFileReference; lastKnownFileType = sourcecode.swift; path = YDShimmerView.swift; sourceTree = "<group>"; };
		C1E7BF992564162B008F747A /* YDAnimationBlock.swift */ = {isa = PBXFileReference; lastKnownFileType = sourcecode.swift; path = YDAnimationBlock.swift; sourceTree = "<group>"; };
		C1E7C114256474CA008F747A /* YDDialogCoordinator.swift */ = {isa = PBXFileReference; lastKnownFileType = sourcecode.swift; path = YDDialogCoordinator.swift; sourceTree = "<group>"; };
		C1E7C119256476B8008F747A /* YDDialogViewModel.swift */ = {isa = PBXFileReference; lastKnownFileType = sourcecode.swift; path = YDDialogViewModel.swift; sourceTree = "<group>"; };
		C1E7C11E2564786F008F747A /* YDDialogViewController.swift */ = {isa = PBXFileReference; lastKnownFileType = sourcecode.swift; path = YDDialogViewController.swift; sourceTree = "<group>"; };
		C1E7C122256478DC008F747A /* YDDialogViewController.storyboard */ = {isa = PBXFileReference; lastKnownFileType = file.storyboard; path = YDDialogViewController.storyboard; sourceTree = "<group>"; };
		C1F3F8FC2565A77D000B56F7 /* YDTextView.swift */ = {isa = PBXFileReference; lastKnownFileType = sourcecode.swift; path = YDTextView.swift; sourceTree = "<group>"; };
		C1FA682A261E4E130063C21E /* YDStoreAndProductView+UIState.swift */ = {isa = PBXFileReference; lastKnownFileType = sourcecode.swift; path = "YDStoreAndProductView+UIState.swift"; sourceTree = "<group>"; };
		C1FA683F261E55940063C21E /* YDStoreNameAddressView+Layouts.swift */ = {isa = PBXFileReference; lastKnownFileType = sourcecode.swift; path = "YDStoreNameAddressView+Layouts.swift"; sourceTree = "<group>"; };
		C1FA6842261E56550063C21E /* YDStoreNameAddressView+UIState.swift */ = {isa = PBXFileReference; lastKnownFileType = sourcecode.swift; path = "YDStoreNameAddressView+UIState.swift"; sourceTree = "<group>"; };
		C1FC70F22541D4010036AFD7 /* YDMessageField.xib */ = {isa = PBXFileReference; lastKnownFileType = file.xib; path = YDMessageField.xib; sourceTree = "<group>"; };
		C1FC70F62541D4330036AFD7 /* YDMessageField.swift */ = {isa = PBXFileReference; lastKnownFileType = sourcecode.swift; path = YDMessageField.swift; sourceTree = "<group>"; };
		C1FC70FC2541EC080036AFD7 /* YDMessageFieldDelegate.swift */ = {isa = PBXFileReference; lastKnownFileType = sourcecode.swift; path = YDMessageFieldDelegate.swift; sourceTree = "<group>"; };
		C1FEFDEC25666B0800264C3B /* YDTextView.xib */ = {isa = PBXFileReference; lastKnownFileType = file.xib; path = YDTextView.xib; sourceTree = "<group>"; };
		DB868B41038CE8E8AC5245A9 /* Pods-YDB2WComponents.release.xcconfig */ = {isa = PBXFileReference; includeInIndex = 1; lastKnownFileType = text.xcconfig; name = "Pods-YDB2WComponents.release.xcconfig"; path = "Target Support Files/Pods-YDB2WComponents/Pods-YDB2WComponents.release.xcconfig"; sourceTree = "<group>"; };
/* End PBXFileReference section */

/* Begin PBXFrameworksBuildPhase section */
		C103991E2541C0C900FF6CAD /* Frameworks */ = {
			isa = PBXFrameworksBuildPhase;
			buildActionMask = 2147483647;
			files = (
				69C13FE1158B77A587209B52 /* Pods_YDB2WComponents.framework in Frameworks */,
			);
			runOnlyForDeploymentPostprocessing = 0;
		};
/* End PBXFrameworksBuildPhase section */

/* Begin PBXGroup section */
		6BF88BF44B22B2E12144302F /* Pods */ = {
			isa = PBXGroup;
			children = (
				676E20DFF4F709083448F074 /* Pods-YDB2WComponents.debug.xcconfig */,
				DB868B41038CE8E8AC5245A9 /* Pods-YDB2WComponents.release.xcconfig */,
			);
			path = Pods;
			sourceTree = "<group>";
		};
		C10399172541C0C900FF6CAD = {
			isa = PBXGroup;
			children = (
				C10399232541C0C900FF6CAD /* YDB2WComponents */,
				C10399222541C0C900FF6CAD /* Products */,
				6BF88BF44B22B2E12144302F /* Pods */,
				CD79E4BF79FB0BA8AE378575 /* Frameworks */,
			);
			sourceTree = "<group>";
		};
		C10399222541C0C900FF6CAD /* Products */ = {
			isa = PBXGroup;
			children = (
				C10399212541C0C900FF6CAD /* YDB2WComponents.framework */,
			);
			name = Products;
			sourceTree = "<group>";
		};
		C10399232541C0C900FF6CAD /* YDB2WComponents */ = {
			isa = PBXGroup;
			children = (
				C1E7BF9325641299008F747A /* AnimationBlock */,
				C134F7BD2672E76E00BF9858 /* CardView */,
				C11757912671A35C008A67BB /* CountDownView */,
				C1E7C11225647431008F747A /* Dialog */,
				C12418CB258795B9006227D6 /* ErrorView */,
				C11A37892553765300D85F29 /* LoginDialog */,
				C11A378A2553766100D85F29 /* MessageField */,
				C158CD602616243000A9A370 /* PopOverMessage */,
				C1AB4ED0260D52AB00A8B889 /* ProductCardView */,
				C1C38947264DF68A002A12C0 /* Reply Message */,
				C11248E425FFDAE400CE8D8A /* SegmentedControl */,
				C1CD8EF825C4609F00B83C8C /* ShimmerView */,
				C15FB2CB256FC2B50034ACE9 /* SnackBar */,
				C1AB4ECB260D3A5B00A8B889 /* StoreAndProductView */,
				C18E4A16260CC670008A0ABD /* StoreNameAddressView */,
				C1F3F8FA2565A6E0000B56F7 /* TextView */,
				C183CE6125B0875000B4F675 /* UserProfile */,
				C183E2B0256DA2FD005427B1 /* WireButton */,
				C10399242541C0C900FF6CAD /* YDB2WComponents.h */,
				C10399252541C0C900FF6CAD /* Info.plist */,
			);
			path = YDB2WComponents;
			sourceTree = "<group>";
		};
		C11248E425FFDAE400CE8D8A /* SegmentedControl */ = {
			isa = PBXGroup;
			children = (
				C11248E625FFDBD700CE8D8A /* YDSegmentedControl.swift */,
			);
			path = SegmentedControl;
			sourceTree = "<group>";
		};
		C11757912671A35C008A67BB /* CountDownView */ = {
			isa = PBXGroup;
			children = (
				C11757922671A393008A67BB /* YDCountDownView.swift */,
				C117579726725433008A67BB /* YDCountDownViewCell.swift */,
				C11757942671A7C2008A67BB /* Custom Views */,
			);
			path = CountDownView;
			sourceTree = "<group>";
		};
		C11757942671A7C2008A67BB /* Custom Views */ = {
			isa = PBXGroup;
			children = (
				C11757952671A87A008A67BB /* YDCountDownComponentView.swift */,
			);
			path = "Custom Views";
			sourceTree = "<group>";
		};
		C11A37892553765300D85F29 /* LoginDialog */ = {
			isa = PBXGroup;
			children = (
				C11A3795255385E200D85F29 /* Coordinator */,
				C183B7C125541E9200A0EAAA /* ViewModel */,
				C11A3790255384E700D85F29 /* ViewController */,
				C11A378C255384A800D85F29 /* View */,
			);
			path = LoginDialog;
			sourceTree = "<group>";
		};
		C11A378A2553766100D85F29 /* MessageField */ = {
			isa = PBXGroup;
			children = (
				C1FC70B82541C2C60036AFD7 /* ViewModel */,
				C1FC70B72541C2BF0036AFD7 /* ViewController */,
				C1FC70B62541C2B80036AFD7 /* View */,
			);
			path = MessageField;
			sourceTree = "<group>";
		};
		C11A378C255384A800D85F29 /* View */ = {
			isa = PBXGroup;
			children = (
				C11A378D255384CD00D85F29 /* YDLoginDialogViewController.storyboard */,
			);
			path = View;
			sourceTree = "<group>";
		};
		C11A3790255384E700D85F29 /* ViewController */ = {
			isa = PBXGroup;
			children = (
				C11A3791255384F800D85F29 /* YDLoginDialogViewController.swift */,
			);
			path = ViewController;
			sourceTree = "<group>";
		};
		C11A3795255385E200D85F29 /* Coordinator */ = {
			isa = PBXGroup;
			children = (
				C11A3796255385F600D85F29 /* YDLoginDialogCoordinator.swift */,
			);
			path = Coordinator;
			sourceTree = "<group>";
		};
		C12418CB258795B9006227D6 /* ErrorView */ = {
			isa = PBXGroup;
			children = (
				C12418D525879745006227D6 /* Delegate */,
				C12418D0258796E0006227D6 /* ViewController */,
				C12418CC25879665006227D6 /* View */,
			);
			path = ErrorView;
			sourceTree = "<group>";
		};
		C12418CC25879665006227D6 /* View */ = {
			isa = PBXGroup;
			children = (
				C12418CD258796BE006227D6 /* YDErrorView.xib */,
			);
			path = View;
			sourceTree = "<group>";
		};
		C12418D0258796E0006227D6 /* ViewController */ = {
			isa = PBXGroup;
			children = (
				C12418D225879724006227D6 /* YDErrorView.swift */,
			);
			path = ViewController;
			sourceTree = "<group>";
		};
		C12418D525879745006227D6 /* Delegate */ = {
			isa = PBXGroup;
			children = (
				C12418D625879755006227D6 /* YDErrorViewDelegate.swift */,
			);
			path = Delegate;
			sourceTree = "<group>";
		};
		C134F7BD2672E76E00BF9858 /* CardView */ = {
			isa = PBXGroup;
			children = (
				C134F7BE2672E7B200BF9858 /* YDSpaceyCardView.swift */,
				C134F7C6267392FC00BF9858 /* YDSpaceyCardViewCell.swift */,
				C134F7C02672FB2600BF9858 /* Custom Views */,
			);
			path = CardView;
			sourceTree = "<group>";
		};
		C134F7C02672FB2600BF9858 /* Custom Views */ = {
			isa = PBXGroup;
			children = (
				C134F7C12672FB3D00BF9858 /* YDSpaceyInnerCardView.swift */,
			);
			path = "Custom Views";
			sourceTree = "<group>";
		};
		C158CD602616243000A9A370 /* PopOverMessage */ = {
			isa = PBXGroup;
			children = (
				C158CD612616252500A9A370 /* PopOverMessage.swift */,
			);
			path = PopOverMessage;
			sourceTree = "<group>";
		};
		C15FB2CB256FC2B50034ACE9 /* SnackBar */ = {
			isa = PBXGroup;
			children = (
				C15FB2CD256FC4710034ACE9 /* Controller */,
			);
			path = SnackBar;
			sourceTree = "<group>";
		};
		C15FB2CD256FC4710034ACE9 /* Controller */ = {
			isa = PBXGroup;
			children = (
				C183CE4F25B07B2E00B4F675 /* YDSnackBarView.swift */,
			);
			path = Controller;
			sourceTree = "<group>";
		};
		C183B7C125541E9200A0EAAA /* ViewModel */ = {
			isa = PBXGroup;
			children = (
				C183B7C225541E9F00A0EAAA /* YDLoginDialogViewModel.swift */,
			);
			path = ViewModel;
			sourceTree = "<group>";
		};
		C183CE6125B0875000B4F675 /* UserProfile */ = {
			isa = PBXGroup;
			children = (
				C183CE6625B087D100B4F675 /* Controller */,
				C183CE6225B0876700B4F675 /* View */,
			);
			path = UserProfile;
			sourceTree = "<group>";
		};
		C183CE6225B0876700B4F675 /* View */ = {
			isa = PBXGroup;
			children = (
				C183CE6325B0877700B4F675 /* YDUserProfileView.xib */,
			);
			path = View;
			sourceTree = "<group>";
		};
		C183CE6625B087D100B4F675 /* Controller */ = {
			isa = PBXGroup;
			children = (
				C183CE6725B087E200B4F675 /* YDUserProfileView.swift */,
			);
			path = Controller;
			sourceTree = "<group>";
		};
		C183E2B0256DA2FD005427B1 /* WireButton */ = {
			isa = PBXGroup;
			children = (
				C183E2B7256DA46B005427B1 /* YDWireButton.swift */,
				C117579C2672BFA4008A67BB /* YDWireButtonViewCell.swift */,
			);
			path = WireButton;
			sourceTree = "<group>";
		};
		C18E4A16260CC670008A0ABD /* StoreNameAddressView */ = {
			isa = PBXGroup;
			children = (
				C18E4A17260CC6B2008A0ABD /* YDStoreNameAddressView.swift */,
				C1FA683C261E55670063C21E /* Extensions */,
			);
			path = StoreNameAddressView;
			sourceTree = "<group>";
		};
		C1AB4ECB260D3A5B00A8B889 /* StoreAndProductView */ = {
			isa = PBXGroup;
			children = (
				C1AB4ECC260D3AAE00A8B889 /* StoreAndProductView.swift */,
				C1AB4F27260D851D00A8B889 /* Extensions */,
			);
			path = StoreAndProductView;
			sourceTree = "<group>";
		};
		C1AB4ED0260D52AB00A8B889 /* ProductCardView */ = {
			isa = PBXGroup;
			children = (
				C1AB4EDE260D5EA000A8B889 /* YDProductCardView.swift */,
				C1B93A61261F414100E0F4A5 /* Extensions */,
			);
			path = ProductCardView;
			sourceTree = "<group>";
		};
		C1AB4F27260D851D00A8B889 /* Extensions */ = {
			isa = PBXGroup;
			children = (
				C1AB4F28260D853800A8B889 /* Layouts */,
				C1AB4F2D260D86F100A8B889 /* SegmentedControl */,
				C1AB4F39260DA29A00A8B889 /* ScrollView */,
				C1AB4F31260D8D5000A8B889 /* TableView */,
				C1FA6829261E4DEF0063C21E /* UIState */,
			);
			path = Extensions;
			sourceTree = "<group>";
		};
		C1AB4F28260D853800A8B889 /* Layouts */ = {
			isa = PBXGroup;
			children = (
				C1AB4F29260D854800A8B889 /* StoreAndProductView+Layout.swift */,
			);
			path = Layouts;
			sourceTree = "<group>";
		};
		C1AB4F2D260D86F100A8B889 /* SegmentedControl */ = {
			isa = PBXGroup;
			children = (
				C1AB4F2E260D871100A8B889 /* StoreAndProductView+SegmentedControl.swift */,
			);
			path = SegmentedControl;
			sourceTree = "<group>";
		};
		C1AB4F31260D8D5000A8B889 /* TableView */ = {
			isa = PBXGroup;
			children = (
				C1AB4F32260D8D7100A8B889 /* StoreAndProductView+TableView.swift */,
				C1AB4F35260D92C100A8B889 /* Cell */,
			);
			path = TableView;
			sourceTree = "<group>";
		};
		C1AB4F35260D92C100A8B889 /* Cell */ = {
			isa = PBXGroup;
			children = (
				C1AB4F36260D930500A8B889 /* StoreAndProductTableViewCell.swift */,
			);
			path = Cell;
			sourceTree = "<group>";
		};
		C1AB4F39260DA29A00A8B889 /* ScrollView */ = {
			isa = PBXGroup;
			children = (
				C1AB4F3A260DA2AE00A8B889 /* StoreAndProductView+ScrollView.swift */,
			);
			path = ScrollView;
			sourceTree = "<group>";
		};
		C1B93A61261F414100E0F4A5 /* Extensions */ = {
			isa = PBXGroup;
			children = (
				C1B93A66261F428F00E0F4A5 /* Layouts */,
				C1B93A62261F414900E0F4A5 /* UIState */,
			);
			path = Extensions;
			sourceTree = "<group>";
		};
		C1B93A62261F414900E0F4A5 /* UIState */ = {
			isa = PBXGroup;
			children = (
				C1B93A63261F415B00E0F4A5 /* YDProductCardView+UIState.swift */,
			);
			path = UIState;
			sourceTree = "<group>";
		};
		C1B93A66261F428F00E0F4A5 /* Layouts */ = {
			isa = PBXGroup;
			children = (
				C1B93A67261F42E700E0F4A5 /* YDProductCardView+Layouts.swift */,
			);
			path = Layouts;
			sourceTree = "<group>";
		};
		C1C38947264DF68A002A12C0 /* Reply Message */ = {
			isa = PBXGroup;
			children = (
				C1C38949264DF6A9002A12C0 /* Controller */,
				C1C38948264DF6A4002A12C0 /* View */,
			);
			path = "Reply Message";
			sourceTree = "<group>";
		};
		C1C38948264DF6A4002A12C0 /* View */ = {
			isa = PBXGroup;
			children = (
				C1C3894C264DF6D7002A12C0 /* YDReplyMessageComponent+Layouts.swift */,
			);
			path = View;
			sourceTree = "<group>";
		};
		C1C38949264DF6A9002A12C0 /* Controller */ = {
			isa = PBXGroup;
			children = (
				C1C3894A264DF6C4002A12C0 /* YDReplyMessageComponent.swift */,
			);
			path = Controller;
			sourceTree = "<group>";
		};
		C1CD8EF825C4609F00B83C8C /* ShimmerView */ = {
			isa = PBXGroup;
			children = (
				C1CD8EF925C460B700B83C8C /* YDShimmerView.swift */,
			);
			path = ShimmerView;
			sourceTree = "<group>";
		};
		C1E7BF9325641299008F747A /* AnimationBlock */ = {
			isa = PBXGroup;
			children = (
				C1E7BF9825641606008F747A /* Controller */,
			);
			path = AnimationBlock;
			sourceTree = "<group>";
		};
		C1E7BF9825641606008F747A /* Controller */ = {
			isa = PBXGroup;
			children = (
				C1E7BF992564162B008F747A /* YDAnimationBlock.swift */,
			);
			path = Controller;
			sourceTree = "<group>";
		};
		C1E7C11225647431008F747A /* Dialog */ = {
			isa = PBXGroup;
			children = (
				C1E7C11325647465008F747A /* Coordinator */,
				C1E7C11825647513008F747A /* ViewModel */,
				C1E7C11D2564784D008F747A /* ViewController */,
				C1E7C121256478C8008F747A /* View */,
			);
			path = Dialog;
			sourceTree = "<group>";
		};
		C1E7C11325647465008F747A /* Coordinator */ = {
			isa = PBXGroup;
			children = (
				C1E7C114256474CA008F747A /* YDDialogCoordinator.swift */,
			);
			path = Coordinator;
			sourceTree = "<group>";
		};
		C1E7C11825647513008F747A /* ViewModel */ = {
			isa = PBXGroup;
			children = (
				C1E7C119256476B8008F747A /* YDDialogViewModel.swift */,
			);
			path = ViewModel;
			sourceTree = "<group>";
		};
		C1E7C11D2564784D008F747A /* ViewController */ = {
			isa = PBXGroup;
			children = (
				C1E7C11E2564786F008F747A /* YDDialogViewController.swift */,
			);
			path = ViewController;
			sourceTree = "<group>";
		};
		C1E7C121256478C8008F747A /* View */ = {
			isa = PBXGroup;
			children = (
				C1E7C122256478DC008F747A /* YDDialogViewController.storyboard */,
			);
			path = View;
			sourceTree = "<group>";
		};
		C1F3F8FA2565A6E0000B56F7 /* TextView */ = {
			isa = PBXGroup;
			children = (
				C1F3F8FB2565A74A000B56F7 /* Controller */,
				C1FEFDEB25666ABE00264C3B /* View */,
			);
			path = TextView;
			sourceTree = "<group>";
		};
		C1F3F8FB2565A74A000B56F7 /* Controller */ = {
			isa = PBXGroup;
			children = (
				C1F3F8FC2565A77D000B56F7 /* YDTextView.swift */,
			);
			path = Controller;
			sourceTree = "<group>";
		};
		C1FA6829261E4DEF0063C21E /* UIState */ = {
			isa = PBXGroup;
			children = (
				C1FA682A261E4E130063C21E /* YDStoreAndProductView+UIState.swift */,
			);
			path = UIState;
			sourceTree = "<group>";
		};
		C1FA683C261E55670063C21E /* Extensions */ = {
			isa = PBXGroup;
			children = (
				C1FA683D261E556D0063C21E /* Layouts */,
				C1FA683E261E55720063C21E /* UIState */,
			);
			path = Extensions;
			sourceTree = "<group>";
		};
		C1FA683D261E556D0063C21E /* Layouts */ = {
			isa = PBXGroup;
			children = (
				C1FA683F261E55940063C21E /* YDStoreNameAddressView+Layouts.swift */,
			);
			path = Layouts;
			sourceTree = "<group>";
		};
		C1FA683E261E55720063C21E /* UIState */ = {
			isa = PBXGroup;
			children = (
				C1FA6842261E56550063C21E /* YDStoreNameAddressView+UIState.swift */,
			);
			path = UIState;
			sourceTree = "<group>";
		};
		C1FC70B62541C2B80036AFD7 /* View */ = {
			isa = PBXGroup;
			children = (
				C1FC70F22541D4010036AFD7 /* YDMessageField.xib */,
			);
			path = View;
			sourceTree = "<group>";
		};
		C1FC70B72541C2BF0036AFD7 /* ViewController */ = {
			isa = PBXGroup;
			children = (
				C1FC70F62541D4330036AFD7 /* YDMessageField.swift */,
			);
			path = ViewController;
			sourceTree = "<group>";
		};
		C1FC70B82541C2C60036AFD7 /* ViewModel */ = {
			isa = PBXGroup;
			children = (
				C1FC70FC2541EC080036AFD7 /* YDMessageFieldDelegate.swift */,
			);
			path = ViewModel;
			sourceTree = "<group>";
		};
		C1FEFDEB25666ABE00264C3B /* View */ = {
			isa = PBXGroup;
			children = (
				C1FEFDEC25666B0800264C3B /* YDTextView.xib */,
			);
			path = View;
			sourceTree = "<group>";
		};
		CD79E4BF79FB0BA8AE378575 /* Frameworks */ = {
			isa = PBXGroup;
			children = (
				47EC3EDA5DFCF68EC9C363E4 /* Pods_YDB2WComponents.framework */,
			);
			name = Frameworks;
			sourceTree = "<group>";
		};
/* End PBXGroup section */

/* Begin PBXHeadersBuildPhase section */
		C103991C2541C0C900FF6CAD /* Headers */ = {
			isa = PBXHeadersBuildPhase;
			buildActionMask = 2147483647;
			files = (
				C10399262541C0C900FF6CAD /* YDB2WComponents.h in Headers */,
			);
			runOnlyForDeploymentPostprocessing = 0;
		};
/* End PBXHeadersBuildPhase section */

/* Begin PBXNativeTarget section */
		C10399202541C0C900FF6CAD /* YDB2WComponents */ = {
			isa = PBXNativeTarget;
			buildConfigurationList = C10399292541C0C900FF6CAD /* Build configuration list for PBXNativeTarget "YDB2WComponents" */;
			buildPhases = (
				484C5B98B902C4BBD21B5731 /* [CP] Check Pods Manifest.lock */,
				C103991C2541C0C900FF6CAD /* Headers */,
				C103991D2541C0C900FF6CAD /* Sources */,
				C103991E2541C0C900FF6CAD /* Frameworks */,
				C103991F2541C0C900FF6CAD /* Resources */,
				C1FC70F92541D4B10036AFD7 /* Swiftlint */,
			);
			buildRules = (
			);
			dependencies = (
			);
			name = YDB2WComponents;
			productName = YDB2WComponents;
			productReference = C10399212541C0C900FF6CAD /* YDB2WComponents.framework */;
			productType = "com.apple.product-type.framework";
		};
/* End PBXNativeTarget section */

/* Begin PBXProject section */
		C10399182541C0C900FF6CAD /* Project object */ = {
			isa = PBXProject;
			attributes = {
				LastUpgradeCheck = 1200;
				TargetAttributes = {
					C10399202541C0C900FF6CAD = {
						CreatedOnToolsVersion = 12.0.1;
						LastSwiftMigration = 1200;
					};
				};
			};
			buildConfigurationList = C103991B2541C0C900FF6CAD /* Build configuration list for PBXProject "YDB2WComponents" */;
			compatibilityVersion = "Xcode 9.3";
			developmentRegion = en;
			hasScannedForEncodings = 0;
			knownRegions = (
				en,
				Base,
			);
			mainGroup = C10399172541C0C900FF6CAD;
			productRefGroup = C10399222541C0C900FF6CAD /* Products */;
			projectDirPath = "";
			projectRoot = "";
			targets = (
				C10399202541C0C900FF6CAD /* YDB2WComponents */,
			);
		};
/* End PBXProject section */

/* Begin PBXResourcesBuildPhase section */
		C103991F2541C0C900FF6CAD /* Resources */ = {
			isa = PBXResourcesBuildPhase;
			buildActionMask = 2147483647;
			files = (
				C1E7C123256478DC008F747A /* YDDialogViewController.storyboard in Resources */,
				C12418CE258796BE006227D6 /* YDErrorView.xib in Resources */,
				C1FC70F32541D4010036AFD7 /* YDMessageField.xib in Resources */,
				C183CE6425B0877700B4F675 /* YDUserProfileView.xib in Resources */,
				C1FEFDED25666B0800264C3B /* YDTextView.xib in Resources */,
				C11A378E255384CD00D85F29 /* YDLoginDialogViewController.storyboard in Resources */,
			);
			runOnlyForDeploymentPostprocessing = 0;
		};
/* End PBXResourcesBuildPhase section */

/* Begin PBXShellScriptBuildPhase section */
		484C5B98B902C4BBD21B5731 /* [CP] Check Pods Manifest.lock */ = {
			isa = PBXShellScriptBuildPhase;
			buildActionMask = 2147483647;
			files = (
			);
			inputFileListPaths = (
			);
			inputPaths = (
				"${PODS_PODFILE_DIR_PATH}/Podfile.lock",
				"${PODS_ROOT}/Manifest.lock",
			);
			name = "[CP] Check Pods Manifest.lock";
			outputFileListPaths = (
			);
			outputPaths = (
				"$(DERIVED_FILE_DIR)/Pods-YDB2WComponents-checkManifestLockResult.txt",
			);
			runOnlyForDeploymentPostprocessing = 0;
			shellPath = /bin/sh;
			shellScript = "diff \"${PODS_PODFILE_DIR_PATH}/Podfile.lock\" \"${PODS_ROOT}/Manifest.lock\" > /dev/null\nif [ $? != 0 ] ; then\n    # print error to STDERR\n    echo \"error: The sandbox is not in sync with the Podfile.lock. Run 'pod install' or update your CocoaPods installation.\" >&2\n    exit 1\nfi\n# This output is used by Xcode 'outputs' to avoid re-running this script phase.\necho \"SUCCESS\" > \"${SCRIPT_OUTPUT_FILE_0}\"\n";
			showEnvVarsInLog = 0;
		};
		C1FC70F92541D4B10036AFD7 /* Swiftlint */ = {
			isa = PBXShellScriptBuildPhase;
			buildActionMask = 2147483647;
			files = (
			);
			inputFileListPaths = (
			);
			inputPaths = (
			);
			name = Swiftlint;
			outputFileListPaths = (
			);
			outputPaths = (
			);
			runOnlyForDeploymentPostprocessing = 0;
			shellPath = /bin/sh;
			shellScript = "if [ -f ~/.com.raywenderlich.swiftlint.yml ]; then\n  if which swiftlint >/dev/null; then\n    swiftlint --config ~/.com.raywenderlich.swiftlint.yml\n  fi\nfi\n";
		};
/* End PBXShellScriptBuildPhase section */

/* Begin PBXSourcesBuildPhase section */
		C103991D2541C0C900FF6CAD /* Sources */ = {
			isa = PBXSourcesBuildPhase;
			buildActionMask = 2147483647;
			files = (
				C1E7BF9A2564162B008F747A /* YDAnimationBlock.swift in Sources */,
				C11248E725FFDBD700CE8D8A /* YDSegmentedControl.swift in Sources */,
				C11A3797255385F600D85F29 /* YDLoginDialogCoordinator.swift in Sources */,
				C1B93A64261F415B00E0F4A5 /* YDProductCardView+UIState.swift in Sources */,
				C1FA6840261E55940063C21E /* YDStoreNameAddressView+Layouts.swift in Sources */,
				C158CD622616252500A9A370 /* PopOverMessage.swift in Sources */,
				C1AB4F33260D8D7100A8B889 /* StoreAndProductView+TableView.swift in Sources */,
				C1E7C11A256476B8008F747A /* YDDialogViewModel.swift in Sources */,
				C1FA6843261E56550063C21E /* YDStoreNameAddressView+UIState.swift in Sources */,
				C1FC70FD2541EC080036AFD7 /* YDMessageFieldDelegate.swift in Sources */,
				C1FC70F72541D4330036AFD7 /* YDMessageField.swift in Sources */,
				C183B7C325541E9F00A0EAAA /* YDLoginDialogViewModel.swift in Sources */,
				C134F7C7267392FC00BF9858 /* YDSpaceyCardViewCell.swift in Sources */,
				C183CE5025B07B2E00B4F675 /* YDSnackBarView.swift in Sources */,
				C11757962671A87A008A67BB /* YDCountDownComponentView.swift in Sources */,
				C1B93A68261F42E700E0F4A5 /* YDProductCardView+Layouts.swift in Sources */,
				C12418D325879724006227D6 /* YDErrorView.swift in Sources */,
				C1E7C115256474CA008F747A /* YDDialogCoordinator.swift in Sources */,
				C117579D2672BFA4008A67BB /* YDWireButtonViewCell.swift in Sources */,
				C1F3F8FD2565A77D000B56F7 /* YDTextView.swift in Sources */,
				C183E2B8256DA46B005427B1 /* YDWireButton.swift in Sources */,
				C1FA682B261E4E130063C21E /* YDStoreAndProductView+UIState.swift in Sources */,
				C1AB4F37260D930500A8B889 /* StoreAndProductTableViewCell.swift in Sources */,
				C134F7BF2672E7B200BF9858 /* YDSpaceyCardView.swift in Sources */,
				C117579826725433008A67BB /* YDCountDownViewCell.swift in Sources */,
				C1AB4F2A260D854800A8B889 /* StoreAndProductView+Layout.swift in Sources */,
				C1AB4F3B260DA2AE00A8B889 /* StoreAndProductView+ScrollView.swift in Sources */,
				C183CE6825B087E200B4F675 /* YDUserProfileView.swift in Sources */,
				C12418D725879755006227D6 /* YDErrorViewDelegate.swift in Sources */,
				C134F7C22672FB3D00BF9858 /* YDSpaceyInnerCardView.swift in Sources */,
				C1AB4F2F260D871100A8B889 /* StoreAndProductView+SegmentedControl.swift in Sources */,
				C1C3894B264DF6C4002A12C0 /* YDReplyMessageComponent.swift in Sources */,
				C11A3792255384F800D85F29 /* YDLoginDialogViewController.swift in Sources */,
				C1C3894D264DF6D7002A12C0 /* YDReplyMessageComponent+Layouts.swift in Sources */,
				C1CD8EFA25C460B700B83C8C /* YDShimmerView.swift in Sources */,
				C1AB4ECD260D3AAE00A8B889 /* StoreAndProductView.swift in Sources */,
				C1AB4EDF260D5EA000A8B889 /* YDProductCardView.swift in Sources */,
				C18E4A18260CC6B2008A0ABD /* YDStoreNameAddressView.swift in Sources */,
				C1E7C11F2564786F008F747A /* YDDialogViewController.swift in Sources */,
				C11757932671A393008A67BB /* YDCountDownView.swift in Sources */,
			);
			runOnlyForDeploymentPostprocessing = 0;
		};
/* End PBXSourcesBuildPhase section */

/* Begin XCBuildConfiguration section */
		C10399272541C0C900FF6CAD /* Debug */ = {
			isa = XCBuildConfiguration;
			buildSettings = {
				ALWAYS_SEARCH_USER_PATHS = NO;
				CLANG_ANALYZER_NONNULL = YES;
				CLANG_ANALYZER_NUMBER_OBJECT_CONVERSION = YES_AGGRESSIVE;
				CLANG_CXX_LANGUAGE_STANDARD = "gnu++14";
				CLANG_CXX_LIBRARY = "libc++";
				CLANG_ENABLE_MODULES = YES;
				CLANG_ENABLE_OBJC_ARC = YES;
				CLANG_ENABLE_OBJC_WEAK = YES;
				CLANG_WARN_BLOCK_CAPTURE_AUTORELEASING = YES;
				CLANG_WARN_BOOL_CONVERSION = YES;
				CLANG_WARN_COMMA = YES;
				CLANG_WARN_CONSTANT_CONVERSION = YES;
				CLANG_WARN_DEPRECATED_OBJC_IMPLEMENTATIONS = YES;
				CLANG_WARN_DIRECT_OBJC_ISA_USAGE = YES_ERROR;
				CLANG_WARN_DOCUMENTATION_COMMENTS = YES;
				CLANG_WARN_EMPTY_BODY = YES;
				CLANG_WARN_ENUM_CONVERSION = YES;
				CLANG_WARN_INFINITE_RECURSION = YES;
				CLANG_WARN_INT_CONVERSION = YES;
				CLANG_WARN_NON_LITERAL_NULL_CONVERSION = YES;
				CLANG_WARN_OBJC_IMPLICIT_RETAIN_SELF = YES;
				CLANG_WARN_OBJC_LITERAL_CONVERSION = YES;
				CLANG_WARN_OBJC_ROOT_CLASS = YES_ERROR;
				CLANG_WARN_QUOTED_INCLUDE_IN_FRAMEWORK_HEADER = YES;
				CLANG_WARN_RANGE_LOOP_ANALYSIS = YES;
				CLANG_WARN_STRICT_PROTOTYPES = YES;
				CLANG_WARN_SUSPICIOUS_MOVE = YES;
				CLANG_WARN_UNGUARDED_AVAILABILITY = YES_AGGRESSIVE;
				CLANG_WARN_UNREACHABLE_CODE = YES;
				CLANG_WARN__DUPLICATE_METHOD_MATCH = YES;
				COPY_PHASE_STRIP = NO;
				CURRENT_PROJECT_VERSION = 1;
				DEBUG_INFORMATION_FORMAT = dwarf;
				ENABLE_STRICT_OBJC_MSGSEND = YES;
				ENABLE_TESTABILITY = YES;
				GCC_C_LANGUAGE_STANDARD = gnu11;
				GCC_DYNAMIC_NO_PIC = NO;
				GCC_NO_COMMON_BLOCKS = YES;
				GCC_OPTIMIZATION_LEVEL = 0;
				GCC_PREPROCESSOR_DEFINITIONS = (
					"DEBUG=1",
					"$(inherited)",
				);
				GCC_WARN_64_TO_32_BIT_CONVERSION = YES;
				GCC_WARN_ABOUT_RETURN_TYPE = YES_ERROR;
				GCC_WARN_UNDECLARED_SELECTOR = YES;
				GCC_WARN_UNINITIALIZED_AUTOS = YES_AGGRESSIVE;
				GCC_WARN_UNUSED_FUNCTION = YES;
				GCC_WARN_UNUSED_VARIABLE = YES;
				IPHONEOS_DEPLOYMENT_TARGET = 14.0;
				MTL_ENABLE_DEBUG_INFO = INCLUDE_SOURCE;
				MTL_FAST_MATH = YES;
				ONLY_ACTIVE_ARCH = YES;
				SDKROOT = iphoneos;
				SWIFT_ACTIVE_COMPILATION_CONDITIONS = DEBUG;
				SWIFT_OPTIMIZATION_LEVEL = "-Onone";
				VERSIONING_SYSTEM = "apple-generic";
				VERSION_INFO_PREFIX = "";
			};
			name = Debug;
		};
		C10399282541C0C900FF6CAD /* Release */ = {
			isa = XCBuildConfiguration;
			buildSettings = {
				ALWAYS_SEARCH_USER_PATHS = NO;
				CLANG_ANALYZER_NONNULL = YES;
				CLANG_ANALYZER_NUMBER_OBJECT_CONVERSION = YES_AGGRESSIVE;
				CLANG_CXX_LANGUAGE_STANDARD = "gnu++14";
				CLANG_CXX_LIBRARY = "libc++";
				CLANG_ENABLE_MODULES = YES;
				CLANG_ENABLE_OBJC_ARC = YES;
				CLANG_ENABLE_OBJC_WEAK = YES;
				CLANG_WARN_BLOCK_CAPTURE_AUTORELEASING = YES;
				CLANG_WARN_BOOL_CONVERSION = YES;
				CLANG_WARN_COMMA = YES;
				CLANG_WARN_CONSTANT_CONVERSION = YES;
				CLANG_WARN_DEPRECATED_OBJC_IMPLEMENTATIONS = YES;
				CLANG_WARN_DIRECT_OBJC_ISA_USAGE = YES_ERROR;
				CLANG_WARN_DOCUMENTATION_COMMENTS = YES;
				CLANG_WARN_EMPTY_BODY = YES;
				CLANG_WARN_ENUM_CONVERSION = YES;
				CLANG_WARN_INFINITE_RECURSION = YES;
				CLANG_WARN_INT_CONVERSION = YES;
				CLANG_WARN_NON_LITERAL_NULL_CONVERSION = YES;
				CLANG_WARN_OBJC_IMPLICIT_RETAIN_SELF = YES;
				CLANG_WARN_OBJC_LITERAL_CONVERSION = YES;
				CLANG_WARN_OBJC_ROOT_CLASS = YES_ERROR;
				CLANG_WARN_QUOTED_INCLUDE_IN_FRAMEWORK_HEADER = YES;
				CLANG_WARN_RANGE_LOOP_ANALYSIS = YES;
				CLANG_WARN_STRICT_PROTOTYPES = YES;
				CLANG_WARN_SUSPICIOUS_MOVE = YES;
				CLANG_WARN_UNGUARDED_AVAILABILITY = YES_AGGRESSIVE;
				CLANG_WARN_UNREACHABLE_CODE = YES;
				CLANG_WARN__DUPLICATE_METHOD_MATCH = YES;
				COPY_PHASE_STRIP = NO;
				CURRENT_PROJECT_VERSION = 1;
				DEBUG_INFORMATION_FORMAT = "dwarf-with-dsym";
				ENABLE_NS_ASSERTIONS = NO;
				ENABLE_STRICT_OBJC_MSGSEND = YES;
				GCC_C_LANGUAGE_STANDARD = gnu11;
				GCC_NO_COMMON_BLOCKS = YES;
				GCC_WARN_64_TO_32_BIT_CONVERSION = YES;
				GCC_WARN_ABOUT_RETURN_TYPE = YES_ERROR;
				GCC_WARN_UNDECLARED_SELECTOR = YES;
				GCC_WARN_UNINITIALIZED_AUTOS = YES_AGGRESSIVE;
				GCC_WARN_UNUSED_FUNCTION = YES;
				GCC_WARN_UNUSED_VARIABLE = YES;
				IPHONEOS_DEPLOYMENT_TARGET = 14.0;
				MTL_ENABLE_DEBUG_INFO = NO;
				MTL_FAST_MATH = YES;
				SDKROOT = iphoneos;
				SWIFT_COMPILATION_MODE = wholemodule;
				SWIFT_OPTIMIZATION_LEVEL = "-O";
				VALIDATE_PRODUCT = YES;
				VERSIONING_SYSTEM = "apple-generic";
				VERSION_INFO_PREFIX = "";
			};
			name = Release;
		};
		C103992A2541C0C900FF6CAD /* Debug */ = {
			isa = XCBuildConfiguration;
			baseConfigurationReference = 676E20DFF4F709083448F074 /* Pods-YDB2WComponents.debug.xcconfig */;
			buildSettings = {
				CLANG_ENABLE_MODULES = YES;
				CODE_SIGN_STYLE = Automatic;
				DEFINES_MODULE = YES;
				DYLIB_COMPATIBILITY_VERSION = 1;
				DYLIB_CURRENT_VERSION = 1;
				DYLIB_INSTALL_NAME_BASE = "@rpath";
				INFOPLIST_FILE = YDB2WComponents/Info.plist;
				INSTALL_PATH = "$(LOCAL_LIBRARY_DIR)/Frameworks";
				LD_RUNPATH_SEARCH_PATHS = (
					"$(inherited)",
					"@executable_path/Frameworks",
					"@loader_path/Frameworks",
				);
				PRODUCT_BUNDLE_IDENTIFIER = br.com.yourdev.b2w.YDB2WComponents;
				PRODUCT_NAME = "$(TARGET_NAME:c99extidentifier)";
				SKIP_INSTALL = YES;
				SWIFT_OPTIMIZATION_LEVEL = "-Onone";
				SWIFT_VERSION = 5.0;
				TARGETED_DEVICE_FAMILY = "1,2";
			};
			name = Debug;
		};
		C103992B2541C0C900FF6CAD /* Release */ = {
			isa = XCBuildConfiguration;
			baseConfigurationReference = DB868B41038CE8E8AC5245A9 /* Pods-YDB2WComponents.release.xcconfig */;
			buildSettings = {
				CLANG_ENABLE_MODULES = YES;
				CODE_SIGN_STYLE = Automatic;
				DEFINES_MODULE = YES;
				DYLIB_COMPATIBILITY_VERSION = 1;
				DYLIB_CURRENT_VERSION = 1;
				DYLIB_INSTALL_NAME_BASE = "@rpath";
				INFOPLIST_FILE = YDB2WComponents/Info.plist;
				INSTALL_PATH = "$(LOCAL_LIBRARY_DIR)/Frameworks";
				LD_RUNPATH_SEARCH_PATHS = (
					"$(inherited)",
					"@executable_path/Frameworks",
					"@loader_path/Frameworks",
				);
				PRODUCT_BUNDLE_IDENTIFIER = br.com.yourdev.b2w.YDB2WComponents;
				PRODUCT_NAME = "$(TARGET_NAME:c99extidentifier)";
				SKIP_INSTALL = YES;
				SWIFT_VERSION = 5.0;
				TARGETED_DEVICE_FAMILY = "1,2";
			};
			name = Release;
		};
/* End XCBuildConfiguration section */

/* Begin XCConfigurationList section */
		C103991B2541C0C900FF6CAD /* Build configuration list for PBXProject "YDB2WComponents" */ = {
			isa = XCConfigurationList;
			buildConfigurations = (
				C10399272541C0C900FF6CAD /* Debug */,
				C10399282541C0C900FF6CAD /* Release */,
			);
			defaultConfigurationIsVisible = 0;
			defaultConfigurationName = Release;
		};
		C10399292541C0C900FF6CAD /* Build configuration list for PBXNativeTarget "YDB2WComponents" */ = {
			isa = XCConfigurationList;
			buildConfigurations = (
				C103992A2541C0C900FF6CAD /* Debug */,
				C103992B2541C0C900FF6CAD /* Release */,
			);
			defaultConfigurationIsVisible = 0;
			defaultConfigurationName = Release;
		};
/* End XCConfigurationList section */
	};
	rootObject = C10399182541C0C900FF6CAD /* Project object */;
}
